
Microsoft Visual Studio Solution File, Format Version 12.00
# Visual Studio 15
VisualStudioVersion = 15.0.28307.329
MinimumVisualStudioVersion = 10.0.40219.1
Project("{FAE04EC0-301F-11D3-BF4B-00C04F79EFBC}") = "LenovoCodeGenerate", "LenovoCodeGenerate\LenovoCodeGenerate.csproj", "{451A9E73-EA6D-4497-ABE9-69586242616D}"
EndProject
Global
	GlobalSection(SolutionConfigurationPlatforms) = preSolution
		Debug|Any CPU = Debug|Any CPU
		Release|Any CPU = Release|Any CPU
	EndGlobalSection
	GlobalSection(ProjectConfigurationPlatforms) = postSolution
		{451A9E73-EA6D-4497-ABE9-69586242616D}.Debug|Any CPU.ActiveCfg = Debug|Any CPU
		{451A9E73-EA6D-4497-ABE9-69586242616D}.Debug|Any CPU.Build.0 = Debug|Any CPU
		{451A9E73-EA6D-4497-ABE9-69586242616D}.Release|Any CPU.ActiveCfg = Release|Any CPU
		{451A9E73-EA6D-4497-ABE9-69586242616D}.Release|Any CPU.Build.0 = Release|Any CPU
	EndGlobalSection
	GlobalSection(SolutionProperties) = preSolution
		HideSolutionNode = FALSE
	EndGlobalSection
	GlobalSection(ExtensibilityGlobals) = postSolution
		SolutionGuid = {DD7EB81B-0B82-4668-8454-47BBBF03AA62}
	EndGlobalSection
EndGlobal
